<?xml version="1.0" encoding="utf-8"?>
<Project ToolsVersion="4.0" xmlns="http://schemas.microsoft.com/developer/msbuild/2003">
	<ItemGroup>
		<Filter Include="Source">
			<UniqueIdentifier>{85673ED7-6DEE-58CF-8021-76B7647D6621}</UniqueIdentifier>
		</Filter>
		<Filter Include="Source\common">
			<UniqueIdentifier>{61622683-51F0-BDC9-BAB8-41BBA50B2171}</UniqueIdentifier>
		</Filter>
		<Filter Include="Source\common\math">
			<UniqueIdentifier>{2165A997-3FF6-A047-CF7E-967A50819304}</UniqueIdentifier>
		</Filter>
		<Filter Include="Source\common\widgets">
			<UniqueIdentifier>{5D62EAB6-F549-9A5E-A05E-0A3DE40537A5}</UniqueIdentifier>
		</Filter>
		<Filter Include="Source\common\widgets\resources">
			<UniqueIdentifier>{A3E87DC6-C019-1A5E-C8FB-B72B1CB5F5ED}</UniqueIdentifier>
		</Filter>
		<Filter Include="Source\common\audio">
			<UniqueIdentifier>{D59FD365-3E07-DB58-1395-44C8E22494B8}</UniqueIdentifier>
		</Filter>
		<Filter Include="Source\common\skin">
			<UniqueIdentifier>{479C8D23-12F9-89C1-91A2-A9D3C015CDB8}</UniqueIdentifier>
		</Filter>
		<Filter Include="Source\common\parameter_juggler">
			<UniqueIdentifier>{BBB1D3B9-190D-273D-D567-5A56F68D1ACA}</UniqueIdentifier>
		</Filter>
		<Filter Include="libraries">
			<UniqueIdentifier>{EC75066F-5407-A166-A555-1D0B34918FC2}</UniqueIdentifier>
		</Filter>
		<Filter Include="libraries\juce">
			<UniqueIdentifier>{74BF363A-C0F8-67EF-651D-D9EC73CDB3AD}</UniqueIdentifier>
		</Filter>
		<Filter Include="libraries\juce\modules">
			<UniqueIdentifier>{FC59765E-25D9-509A-C4D5-00F5468662C3}</UniqueIdentifier>
		</Filter>
		<Filter Include="libraries\juce\modules\juce_audio_basics">
			<UniqueIdentifier>{DDB2D4FD-8C56-C8C8-D35D-0B4CBE8F586E}</UniqueIdentifier>
		</Filter>
		<Filter Include="libraries\juce\modules\juce_audio_devices">
			<UniqueIdentifier>{B3E90E2E-0B88-08E9-D936-F7E18709FA34}</UniqueIdentifier>
		</Filter>
		<Filter Include="libraries\juce\modules\juce_audio_formats">
			<UniqueIdentifier>{08193B14-ED51-A841-7423-E80F1B03EAAA}</UniqueIdentifier>
		</Filter>
		<Filter Include="libraries\juce\modules\juce_audio_processors">
			<UniqueIdentifier>{E69246F4-7B8F-26ED-F72C-DD60D9CA313C}</UniqueIdentifier>
		</Filter>
		<Filter Include="libraries\juce\modules\juce_audio_utils">
			<UniqueIdentifier>{2EF6F0FF-E0F5-7438-5A5A-6B7C7606E93E}</UniqueIdentifier>
		</Filter>
		<Filter Include="libraries\juce\modules\juce_core">
			<UniqueIdentifier>{B6618645-68E3-85AF-267C-EE9BF0A710E4}</UniqueIdentifier>
		</Filter>
		<Filter Include="libraries\juce\modules\juce_cryptography">
			<UniqueIdentifier>{C23F7189-4DB1-4B0C-126C-900B03433281}</UniqueIdentifier>
		</Filter>
		<Filter Include="libraries\juce\modules\juce_data_structures">
			<UniqueIdentifier>{827E763D-B9AD-3EEE-C18C-D42FBAE2EE70}</UniqueIdentifier>
		</Filter>
		<Filter Include="libraries\juce\modules\juce_events">
			<UniqueIdentifier>{F231FE7D-9ED8-2630-0AAB-D0AF51F8904A}</UniqueIdentifier>
		</Filter>
		<Filter Include="libraries\juce\modules\juce_graphics">
			<UniqueIdentifier>{B251D5FE-A735-1A20-A3AC-AF3692FABDF7}</UniqueIdentifier>
		</Filter>
		<Filter Include="libraries\juce\modules\juce_gui_basics">
			<UniqueIdentifier>{F22D598B-033A-365E-613F-8B4D9F284B6E}</UniqueIdentifier>
		</Filter>
		<Filter Include="libraries\juce\modules\juce_gui_extra">
			<UniqueIdentifier>{DDF2AD58-EBF4-FE5D-E610-6B449289361E}</UniqueIdentifier>
		</Filter>
		<Filter Include="libraries\juce\modules\juce_video">
			<UniqueIdentifier>{9BB3DA90-DB61-CB43-3C29-DF3E4A808DAC}</UniqueIdentifier>
		</Filter>
		<Filter Include="libraries\juce\modules\juce_audio_plugin_client">
			<UniqueIdentifier>{26D913B0-085E-3312-AD6E-0CEF1154680C}</UniqueIdentifier>
		</Filter>
		<Filter Include="libraries\juce\modules\juce_audio_plugin_client\utility">
			<UniqueIdentifier>{18AE98FE-D592-9C16-E250-FE294BACB9E4}</UniqueIdentifier>
		</Filter>
		<Filter Include="libraries\juce\modules\juce_audio_plugin_client\VST">
			<UniqueIdentifier>{0AFD63EF-2C21-8B98-BEC0-54AA8CD59981}</UniqueIdentifier>
		</Filter>
	</ItemGroup>
	<ItemGroup>
		<ClInclude Include="..\..\..\Source\meter_bar.h">
			<Filter>Source</Filter>
		</ClInclude>
		<ClInclude Include="..\..\..\Source\window_validation.h">
			<Filter>Source</Filter>
		</ClInclude>
		<ClInclude Include="..\..\..\Source\average_level_filtered.h">
			<Filter>Source</Filter>
		</ClInclude>
		<ClInclude Include="..\..\..\Source\overflow_meter.h">
			<Filter>Source</Filter>
		</ClInclude>
		<ClInclude Include="..\..\..\Source\peak_label.h">
			<Filter>Source</Filter>
		</ClInclude>
		<ClInclude Include="..\..\..\Source\kmeter.h">
			<Filter>Source</Filter>
		</ClInclude>
		<ClInclude Include="..\..\..\Source\audio_file_player.h">
			<Filter>Source</Filter>
		</ClInclude>
		<ClInclude Include="..\..\..\Source\plugin_parameters.h">
			<Filter>Source</Filter>
		</ClInclude>
		<ClInclude Include="..\..\..\Source\skin.h">
			<Filter>Source</Filter>
		</ClInclude>
		<ClInclude Include="..\..\..\Source\plugin_processor.h">
			<Filter>Source</Filter>
		</ClInclude>
		<ClInclude Include="..\..\..\Source\meter_ballistics.h">
			<Filter>Source</Filter>
		</ClInclude>
		<ClInclude Include="..\..\..\Source\plugin_editor.h">
			<Filter>Source</Filter>
		</ClInclude>
		<ClInclude Include="..\..\..\Source\common\tools.h">
			<Filter>Source\common</Filter>
		</ClInclude>
		<ClInclude Include="..\..\..\Source\common\mz_juce_common.h">
			<Filter>Source\common</Filter>
		</ClInclude>
		<ClInclude Include="..\..\..\Source\common\math\averager.h">
			<Filter>Source\common\math</Filter>
		</ClInclude>
		<ClInclude Include="..\..\..\Source\common\widgets\generic_plugin_standalone.h">
			<Filter>Source\common\widgets</Filter>
		</ClInclude>
		<ClInclude Include="..\..\..\Source\common\widgets\slider_continuous.h">
			<Filter>Source\common\widgets</Filter>
		</ClInclude>
		<ClInclude Include="..\..\..\Source\common\widgets\generic_window_about.h">
			<Filter>Source\common\widgets</Filter>
		</ClInclude>
		<ClInclude Include="..\..\..\Source\common\widgets\generic_channel_slider.h">
			<Filter>Source\common\widgets</Filter>
		</ClInclude>
		<ClInclude Include="..\..\..\Source\common\widgets\slider_combined.h">
			<Filter>Source\common\widgets</Filter>
		</ClInclude>
		<ClInclude Include="..\..\..\Source\common\widgets\generic_meter_bar.h">
			<Filter>Source\common\widgets</Filter>
		</ClInclude>
		<ClInclude Include="..\..\..\Source\common\widgets\generic_window_skin.h">
			<Filter>Source\common\widgets</Filter>
		</ClInclude>
		<ClInclude Include="..\..\..\Source\common\widgets\slider_switch_linear_bar.h">
			<Filter>Source\common\widgets</Filter>
		</ClInclude>
		<ClInclude Include="..\..\..\Source\common\widgets\slider_switch.h">
			<Filter>Source\common\widgets</Filter>
		</ClInclude>
		<ClInclude Include="..\..\..\Source\common\widgets\generic_horizontal_meter.h">
			<Filter>Source\common\widgets</Filter>
		</ClInclude>
		<ClInclude Include="..\..\..\Source\common\widgets\generic_state_label.h">
			<Filter>Source\common\widgets</Filter>
		</ClInclude>
		<ClInclude Include="..\..\..\Source\common\widgets\generic_meter_segment.h">
			<Filter>Source\common\widgets</Filter>
		</ClInclude>
		<ClInclude Include="..\..\..\Source\common\widgets\resources\resources.h">
			<Filter>Source\common\widgets\resources</Filter>
		</ClInclude>
		<ClInclude Include="..\..\..\Source\common\audio\audio_ring_buffer.h">
			<Filter>Source\common\audio</Filter>
		</ClInclude>
		<ClInclude Include="..\..\..\Source\common\audio\dither.h">
			<Filter>Source\common\audio</Filter>
		</ClInclude>
		<ClInclude Include="..\..\..\Source\common\skin\generic_skin.h">
			<Filter>Source\common\skin</Filter>
		</ClInclude>
		<ClInclude Include="..\..\..\Source\common\parameter_juggler\plugin_parameter.h">
			<Filter>Source\common\parameter_juggler</Filter>
		</ClInclude>
		<ClInclude Include="..\..\..\Source\common\parameter_juggler\plugin_parameter_boolean.h">
			<Filter>Source\common\parameter_juggler</Filter>
		</ClInclude>
		<ClInclude Include="..\..\..\Source\common\parameter_juggler\plugin_parameter_switch.h">
			<Filter>Source\common\parameter_juggler</Filter>
		</ClInclude>
		<ClInclude Include="..\..\..\Source\common\parameter_juggler\plugin_parameter_combined.h">
			<Filter>Source\common\parameter_juggler</Filter>
		</ClInclude>
		<ClInclude Include="..\..\..\Source\common\parameter_juggler\parameter_juggler.h">
			<Filter>Source\common\parameter_juggler</Filter>
		</ClInclude>
		<ClInclude Include="..\..\..\Source\common\parameter_juggler\plugin_parameter_continuous.h">
			<Filter>Source\common\parameter_juggler</Filter>
		</ClInclude>
		<ClInclude Include="..\..\..\Source\common\parameter_juggler\plugin_parameter_string.h">
			<Filter>Source\common\parameter_juggler</Filter>
		</ClInclude>
	</ItemGroup>
	<ItemGroup>
		<ClCompile Include="..\..\..\Source\plugin_processor.cpp">
			<Filter>Source</Filter>
		</ClCompile>
		<ClCompile Include="..\..\..\Source\plugin_parameters.cpp">
			<Filter>Source</Filter>
		</ClCompile>
		<ClCompile Include="..\..\..\Source\skin.cpp">
			<Filter>Source</Filter>
		</ClCompile>
		<ClCompile Include="..\..\..\Source\main.cpp">
			<Filter>Source</Filter>
		</ClCompile>
		<ClCompile Include="..\..\..\Source\average_level_filtered.cpp">
			<Filter>Source</Filter>
		</ClCompile>
		<ClCompile Include="..\..\..\Source\window_validation.cpp">
			<Filter>Source</Filter>
		</ClCompile>
		<ClCompile Include="..\..\..\Source\meter_bar.cpp">
			<Filter>Source</Filter>
		</ClCompile>
		<ClCompile Include="..\..\..\Source\peak_label.cpp">
			<Filter>Source</Filter>
		</ClCompile>
		<ClCompile Include="..\..\..\Source\kmeter.cpp">
			<Filter>Source</Filter>
		</ClCompile>
		<ClCompile Include="..\..\..\Source\meter_ballistics.cpp">
			<Filter>Source</Filter>
		</ClCompile>
		<ClCompile Include="..\..\..\Source\plugin_editor.cpp">
			<Filter>Source</Filter>
		</ClCompile>
		<ClCompile Include="..\..\..\Source\audio_file_player.cpp">
			<Filter>Source</Filter>
		</ClCompile>
		<ClCompile Include="..\..\..\Source\overflow_meter.cpp">
			<Filter>Source</Filter>
		</ClCompile>
		<ClCompile Include="..\..\..\Source\common\math\averager.cpp">
			<Filter>Source\common\math</Filter>
		</ClCompile>
		<ClCompile Include="..\..\..\Source\common\widgets\generic_horizontal_meter.cpp">
			<Filter>Source\common\widgets</Filter>
		</ClCompile>
		<ClCompile Include="..\..\..\Source\common\widgets\slider_combined.cpp">
			<Filter>Source\common\widgets</Filter>
		</ClCompile>
		<ClCompile Include="..\..\..\Source\common\widgets\slider_switch.cpp">
			<Filter>Source\common\widgets</Filter>
		</ClCompile>
		<ClCompile Include="..\..\..\Source\common\widgets\generic_meter_segment.cpp">
			<Filter>Source\common\widgets</Filter>
		</ClCompile>
		<ClCompile Include="..\..\..\Source\common\widgets\generic_window_skin.cpp">
			<Filter>Source\common\widgets</Filter>
		</ClCompile>
		<ClCompile Include="..\..\..\Source\common\widgets\generic_window_about.cpp">
			<Filter>Source\common\widgets</Filter>
		</ClCompile>
		<ClCompile Include="..\..\..\Source\common\widgets\slider_continuous.cpp">
			<Filter>Source\common\widgets</Filter>
		</ClCompile>
		<ClCompile Include="..\..\..\Source\common\widgets\slider_switch_linear_bar.cpp">
			<Filter>Source\common\widgets</Filter>
		</ClCompile>
		<ClCompile Include="..\..\..\Source\common\widgets\generic_channel_slider.cpp">
			<Filter>Source\common\widgets</Filter>
		</ClCompile>
		<ClCompile Include="..\..\..\Source\common\widgets\generic_plugin_standalone.cpp">
			<Filter>Source\common\widgets</Filter>
		</ClCompile>
		<ClCompile Include="..\..\..\Source\common\widgets\generic_state_label.cpp">
			<Filter>Source\common\widgets</Filter>
		</ClCompile>
		<ClCompile Include="..\..\..\Source\common\widgets\generic_meter_bar.cpp">
			<Filter>Source\common\widgets</Filter>
		</ClCompile>
		<ClCompile Include="..\..\..\Source\common\widgets\resources\resources.cpp">
			<Filter>Source\common\widgets\resources</Filter>
		</ClCompile>
		<ClCompile Include="..\..\..\Source\common\audio\audio_ring_buffer.cpp">
			<Filter>Source\common\audio</Filter>
		</ClCompile>
		<ClCompile Include="..\..\..\Source\common\audio\dither.cpp">
			<Filter>Source\common\audio</Filter>
		</ClCompile>
		<ClCompile Include="..\..\..\Source\common\skin\generic_skin.cpp">
			<Filter>Source\common\skin</Filter>
		</ClCompile>
		<ClCompile Include="..\..\..\Source\common\parameter_juggler\plugin_parameter_switch.cpp">
			<Filter>Source\common\parameter_juggler</Filter>
		</ClCompile>
		<ClCompile Include="..\..\..\Source\common\parameter_juggler\parameter_juggler.cpp">
			<Filter>Source\common\parameter_juggler</Filter>
		</ClCompile>
		<ClCompile Include="..\..\..\Source\common\parameter_juggler\plugin_parameter_boolean.cpp">
			<Filter>Source\common\parameter_juggler</Filter>
		</ClCompile>
		<ClCompile Include="..\..\..\Source\common\parameter_juggler\plugin_parameter.cpp">
			<Filter>Source\common\parameter_juggler</Filter>
		</ClCompile>
		<ClCompile Include="..\..\..\Source\common\parameter_juggler\plugin_parameter_string.cpp">
			<Filter>Source\common\parameter_juggler</Filter>
		</ClCompile>
		<ClCompile Include="..\..\..\Source\common\parameter_juggler\plugin_parameter_combined.cpp">
			<Filter>Source\common\parameter_juggler</Filter>
		</ClCompile>
		<ClCompile Include="..\..\..\Source\common\parameter_juggler\plugin_parameter_continuous.cpp">
			<Filter>Source\common\parameter_juggler</Filter>
		</ClCompile>
		<ClCompile Include="..\..\..\libraries\juce\modules\juce_audio_basics\juce_audio_basics.cpp">
			<Filter>libraries\juce\modules\juce_audio_basics</Filter>
		</ClCompile>
		<ClCompile Include="..\..\..\libraries\juce\modules\juce_audio_devices\juce_audio_devices.cpp">
			<Filter>libraries\juce\modules\juce_audio_devices</Filter>
		</ClCompile>
		<ClCompile Include="..\..\..\libraries\juce\modules\juce_audio_formats\juce_audio_formats.cpp">
			<Filter>libraries\juce\modules\juce_audio_formats</Filter>
		</ClCompile>
		<ClCompile Include="..\..\..\libraries\juce\modules\juce_audio_processors\juce_audio_processors.cpp">
			<Filter>libraries\juce\modules\juce_audio_processors</Filter>
		</ClCompile>
		<ClCompile Include="..\..\..\libraries\juce\modules\juce_audio_utils\juce_audio_utils.cpp">
			<Filter>libraries\juce\modules\juce_audio_utils</Filter>
		</ClCompile>
		<ClCompile Include="..\..\..\libraries\juce\modules\juce_core\juce_core.cpp">
			<Filter>libraries\juce\modules\juce_core</Filter>
		</ClCompile>
		<ClCompile Include="..\..\..\libraries\juce\modules\juce_cryptography\juce_cryptography.cpp">
			<Filter>libraries\juce\modules\juce_cryptography</Filter>
		</ClCompile>
		<ClCompile Include="..\..\..\libraries\juce\modules\juce_data_structures\juce_data_structures.cpp">
			<Filter>libraries\juce\modules\juce_data_structures</Filter>
		</ClCompile>
		<ClCompile Include="..\..\..\libraries\juce\modules\juce_events\juce_events.cpp">
			<Filter>libraries\juce\modules\juce_events</Filter>
		</ClCompile>
		<ClCompile Include="..\..\..\libraries\juce\modules\juce_graphics\juce_graphics.cpp">
			<Filter>libraries\juce\modules\juce_graphics</Filter>
		</ClCompile>
		<ClCompile Include="..\..\..\libraries\juce\modules\juce_gui_basics\juce_gui_basics.cpp">
			<Filter>libraries\juce\modules\juce_gui_basics</Filter>
		</ClCompile>
		<ClCompile Include="..\..\..\libraries\juce\modules\juce_gui_extra\juce_gui_extra.cpp">
			<Filter>libraries\juce\modules\juce_gui_extra</Filter>
		</ClCompile>
		<ClCompile Include="..\..\..\libraries\juce\modules\juce_video\juce_video.cpp">
			<Filter>libraries\juce\modules\juce_video</Filter>
		</ClCompile>
		<ClCompile Include="..\..\..\libraries\juce\modules\juce_audio_plugin_client\utility\juce_PluginUtilities.cpp">
			<Filter>libraries\juce\modules\juce_audio_plugin_client\utility</Filter>
		</ClCompile>
		<ClCompile Include="..\..\..\libraries\juce\modules\juce_audio_plugin_client\VST\juce_VST_Wrapper.cpp">
			<Filter>libraries\juce\modules\juce_audio_plugin_client\VST</Filter>
		</ClCompile>
	</ItemGroup>
</Project>
