<?xml version="1.0" encoding="utf-8"?>
<Project ToolsVersion="4.0" xmlns="http://schemas.microsoft.com/developer/msbuild/2003">
	<ItemGroup>
		<Filter Include="Source">
			<UniqueIdentifier>{814FBAEB-6E4D-1047-8961-1BB76962BCBC}</UniqueIdentifier>
		</Filter>
		<Filter Include="Source\common">
			<UniqueIdentifier>{D9822CD1-AD1E-9E4D-B2EF-9EDB69737E7E}</UniqueIdentifier>
		</Filter>
		<Filter Include="Source\common\amalgamated">
			<UniqueIdentifier>{313EB900-E147-B446-052D-5EC2F3EF10F8}</UniqueIdentifier>
		</Filter>
		<Filter Include="libraries">
			<UniqueIdentifier>{8ACB83FA-A0DB-8E1D-F6EF-1A20332EDE9F}</UniqueIdentifier>
		</Filter>
		<Filter Include="libraries\juce">
			<UniqueIdentifier>{BB13B573-AB0F-6A49-206A-BF1BC32AF2D5}</UniqueIdentifier>
		</Filter>
		<Filter Include="libraries\juce\modules">
			<UniqueIdentifier>{3945573C-2148-F314-7127-DE7E9A4DFD1C}</UniqueIdentifier>
		</Filter>
		<Filter Include="libraries\juce\modules\juce_audio_basics">
			<UniqueIdentifier>{106849F7-FDF0-771E-5DE6-DC9E5397A589}</UniqueIdentifier>
		</Filter>
		<Filter Include="libraries\juce\modules\juce_audio_devices">
			<UniqueIdentifier>{01A4B383-F48B-CCF4-07C2-A12965A06E54}</UniqueIdentifier>
		</Filter>
		<Filter Include="libraries\juce\modules\juce_audio_formats">
			<UniqueIdentifier>{5B00F1CF-FD29-B325-DF3E-C957B9E9978C}</UniqueIdentifier>
		</Filter>
		<Filter Include="libraries\juce\modules\juce_audio_processors">
			<UniqueIdentifier>{0118B194-2A10-4319-703D-408D352ABF8B}</UniqueIdentifier>
		</Filter>
		<Filter Include="libraries\juce\modules\juce_audio_utils">
			<UniqueIdentifier>{52BEF965-500C-7926-3336-5AC0FD7D0CF9}</UniqueIdentifier>
		</Filter>
		<Filter Include="libraries\juce\modules\juce_core">
			<UniqueIdentifier>{DB61E203-7C4D-D879-76C7-BC16EF6C53E5}</UniqueIdentifier>
		</Filter>
		<Filter Include="libraries\juce\modules\juce_cryptography">
			<UniqueIdentifier>{6C6F532D-B8E2-1B3C-C858-851379ABC4B7}</UniqueIdentifier>
		</Filter>
		<Filter Include="libraries\juce\modules\juce_data_structures">
			<UniqueIdentifier>{BE7B5CBC-33CD-B466-AED5-0BECE8F1CCC2}</UniqueIdentifier>
		</Filter>
		<Filter Include="libraries\juce\modules\juce_events">
			<UniqueIdentifier>{136C00BF-5F83-0C83-30CD-18C84FD3567A}</UniqueIdentifier>
		</Filter>
		<Filter Include="libraries\juce\modules\juce_graphics">
			<UniqueIdentifier>{8980DE75-9D14-AEB8-F4FD-B7071B7E5890}</UniqueIdentifier>
		</Filter>
		<Filter Include="libraries\juce\modules\juce_gui_basics">
			<UniqueIdentifier>{539D237C-99F4-D00D-E61E-77DB89918890}</UniqueIdentifier>
		</Filter>
		<Filter Include="libraries\juce\modules\juce_gui_extra">
			<UniqueIdentifier>{34D6EF75-6B9F-1C33-F29C-A109D8742527}</UniqueIdentifier>
		</Filter>
		<Filter Include="libraries\juce\modules\juce_video">
			<UniqueIdentifier>{A06E4AEB-A7D4-2127-52C8-3E8BAFC46125}</UniqueIdentifier>
		</Filter>
	</ItemGroup>
	<ItemGroup>
		<ClInclude Include="..\..\..\Source\common\FrutHeader.h">
			<Filter>Source\common</Filter>
		</ClInclude>
		<ClInclude Include="..\..\..\Source\common\amalgamated\frut_skin.h">
			<Filter>Source\common\amalgamated</Filter>
		</ClInclude>
		<ClInclude Include="..\..\..\Source\common\amalgamated\frut_math.h">
			<Filter>Source\common\amalgamated</Filter>
		</ClInclude>
		<ClInclude Include="..\..\..\Source\common\amalgamated\frut_widget.h">
			<Filter>Source\common\amalgamated</Filter>
		</ClInclude>
		<ClInclude Include="..\..\..\Source\common\amalgamated\frut_audio.h">
			<Filter>Source\common\amalgamated</Filter>
		</ClInclude>
		<ClInclude Include="..\..\..\Source\common\amalgamated\frut_parameter.h">
			<Filter>Source\common\amalgamated</Filter>
		</ClInclude>
		<ClInclude Include="..\..\..\Source\window_validation_content.h">
			<Filter>Source</Filter>
		</ClInclude>
		<ClInclude Include="..\..\..\Source\overflow_meter.h">
			<Filter>Source</Filter>
		</ClInclude>
		<ClInclude Include="..\..\..\Source\peak_label.h">
			<Filter>Source</Filter>
		</ClInclude>
		<ClInclude Include="..\..\..\Source\plugin_parameters.h">
			<Filter>Source</Filter>
		</ClInclude>
		<ClInclude Include="..\..\..\Source\average_level_filtered.h">
			<Filter>Source</Filter>
		</ClInclude>
		<ClInclude Include="..\..\..\Source\plugin_editor.h">
			<Filter>Source</Filter>
		</ClInclude>
		<ClInclude Include="..\..\..\Source\audio_file_player.h">
			<Filter>Source</Filter>
		</ClInclude>
		<ClInclude Include="..\..\..\Source\kmeter.h">
			<Filter>Source</Filter>
		</ClInclude>
		<ClInclude Include="..\..\..\Source\plugin_processor.h">
			<Filter>Source</Filter>
		</ClInclude>
		<ClInclude Include="..\..\..\Source\meter_ballistics.h">
			<Filter>Source</Filter>
		</ClInclude>
		<ClInclude Include="..\..\..\Source\skin.h">
			<Filter>Source</Filter>
		</ClInclude>
		<ClInclude Include="..\..\..\Source\standalone_application.h">
			<Filter>Source</Filter>
		</ClInclude>
		<ClInclude Include="..\..\..\Source\meter_bar.h">
			<Filter>Source</Filter>
		</ClInclude>
	</ItemGroup>
	<ItemGroup>
		<ClCompile Include="..\..\..\Source\common\amalgamated\frut_widget.cpp">
			<Filter>Source\common\amalgamated</Filter>
		</ClCompile>
		<ClCompile Include="..\..\..\Source\common\amalgamated\frut_math.cpp">
			<Filter>Source\common\amalgamated</Filter>
		</ClCompile>
		<ClCompile Include="..\..\..\Source\common\amalgamated\frut_skin.cpp">
			<Filter>Source\common\amalgamated</Filter>
		</ClCompile>
		<ClCompile Include="..\..\..\Source\common\amalgamated\frut_parameter.cpp">
			<Filter>Source\common\amalgamated</Filter>
		</ClCompile>
		<ClCompile Include="..\..\..\Source\common\amalgamated\frut_audio.cpp">
			<Filter>Source\common\amalgamated</Filter>
		</ClCompile>
		<ClCompile Include="..\..\..\Source\main.cpp">
			<Filter>Source</Filter>
		</ClCompile>
		<ClCompile Include="..\..\..\Source\plugin_editor.cpp">
			<Filter>Source</Filter>
		</ClCompile>
		<ClCompile Include="..\..\..\Source\standalone_application.cpp">
			<Filter>Source</Filter>
		</ClCompile>
		<ClCompile Include="..\..\..\Source\plugin_processor.cpp">
			<Filter>Source</Filter>
		</ClCompile>
		<ClCompile Include="..\..\..\Source\peak_label.cpp">
			<Filter>Source</Filter>
		</ClCompile>
		<ClCompile Include="..\..\..\Source\kmeter.cpp">
			<Filter>Source</Filter>
		</ClCompile>
		<ClCompile Include="..\..\..\Source\meter_ballistics.cpp">
			<Filter>Source</Filter>
		</ClCompile>
		<ClCompile Include="..\..\..\Source\average_level_filtered.cpp">
			<Filter>Source</Filter>
		</ClCompile>
		<ClCompile Include="..\..\..\Source\plugin_parameters.cpp">
			<Filter>Source</Filter>
		</ClCompile>
		<ClCompile Include="..\..\..\Source\overflow_meter.cpp">
			<Filter>Source</Filter>
		</ClCompile>
		<ClCompile Include="..\..\..\Source\audio_file_player.cpp">
			<Filter>Source</Filter>
		</ClCompile>
		<ClCompile Include="..\..\..\Source\meter_bar.cpp">
			<Filter>Source</Filter>
		</ClCompile>
		<ClCompile Include="..\..\..\Source\skin.cpp">
			<Filter>Source</Filter>
		</ClCompile>
		<ClCompile Include="..\..\..\Source\window_validation_content.cpp">
			<Filter>Source</Filter>
		</ClCompile>
		<ClCompile Include="..\..\..\libraries\juce\modules\juce_audio_basics\juce_audio_basics.cpp">
			<Filter>libraries\juce\modules\juce_audio_basics</Filter>
		</ClCompile>
		<ClCompile Include="..\..\..\libraries\juce\modules\juce_audio_devices\juce_audio_devices.cpp">
			<Filter>libraries\juce\modules\juce_audio_devices</Filter>
		</ClCompile>
		<ClCompile Include="..\..\..\libraries\juce\modules\juce_audio_formats\juce_audio_formats.cpp">
			<Filter>libraries\juce\modules\juce_audio_formats</Filter>
		</ClCompile>
		<ClCompile Include="..\..\..\libraries\juce\modules\juce_audio_processors\juce_audio_processors.cpp">
			<Filter>libraries\juce\modules\juce_audio_processors</Filter>
		</ClCompile>
		<ClCompile Include="..\..\..\libraries\juce\modules\juce_audio_utils\juce_audio_utils.cpp">
			<Filter>libraries\juce\modules\juce_audio_utils</Filter>
		</ClCompile>
		<ClCompile Include="..\..\..\libraries\juce\modules\juce_core\juce_core.cpp">
			<Filter>libraries\juce\modules\juce_core</Filter>
		</ClCompile>
		<ClCompile Include="..\..\..\libraries\juce\modules\juce_cryptography\juce_cryptography.cpp">
			<Filter>libraries\juce\modules\juce_cryptography</Filter>
		</ClCompile>
		<ClCompile Include="..\..\..\libraries\juce\modules\juce_data_structures\juce_data_structures.cpp">
			<Filter>libraries\juce\modules\juce_data_structures</Filter>
		</ClCompile>
		<ClCompile Include="..\..\..\libraries\juce\modules\juce_events\juce_events.cpp">
			<Filter>libraries\juce\modules\juce_events</Filter>
		</ClCompile>
		<ClCompile Include="..\..\..\libraries\juce\modules\juce_graphics\juce_graphics.cpp">
			<Filter>libraries\juce\modules\juce_graphics</Filter>
		</ClCompile>
		<ClCompile Include="..\..\..\libraries\juce\modules\juce_gui_basics\juce_gui_basics.cpp">
			<Filter>libraries\juce\modules\juce_gui_basics</Filter>
		</ClCompile>
		<ClCompile Include="..\..\..\libraries\juce\modules\juce_gui_extra\juce_gui_extra.cpp">
			<Filter>libraries\juce\modules\juce_gui_extra</Filter>
		</ClCompile>
		<ClCompile Include="..\..\..\libraries\juce\modules\juce_video\juce_video.cpp">
			<Filter>libraries\juce\modules\juce_video</Filter>
		</ClCompile>
	</ItemGroup>
</Project>
