
Microsoft Visual Studio Solution File, Format Version 11.00
# Visual Studio 2010
Project("{8BC9CEB8-8B4A-11D0-8D11-00A0C91BC942}") = "K-Meter (Stereo)", "K-Meter (Stereo).vcxproj", "{0CD5E2F2-87EF-AE6A-B0B0-CAE18A606411}"
EndProject
Project("{8BC9CEB8-8B4A-11D0-8D11-00A0C91BC942}") = "K-Meter (Surround)", "K-Meter (Surround).vcxproj", "{27DDD1F0-807B-AFEC-32AA-3E8E6A56FD23}"
EndProject
Project("{8BC9CEB8-8B4A-11D0-8D11-00A0C91BC942}") = "K-Meter VST (Stereo)", "K-Meter VST (Stereo).vcxproj", "{31B9FBA0-C754-046D-9E22-798B0DAC0DD6}"
EndProject
Project("{8BC9CEB8-8B4A-11D0-8D11-00A0C91BC942}") = "K-Meter VST (Surround)", "K-Meter VST (Surround).vcxproj", "{240AAD00-2696-0A63-5B71-6FA5432FD865}"
EndProject
Global
	GlobalSection(SolutionConfigurationPlatforms) = preSolution
		Debug|Win32 = Debug|Win32
		Debug|x64 = Debug|x64
		Release|Win32 = Release|Win32
		Release|x64 = Release|x64
	EndGlobalSection
	GlobalSection(ProjectConfigurationPlatforms) = postSolution
		{0CD5E2F2-87EF-AE6A-B0B0-CAE18A606411}.Debug|Win32.ActiveCfg = Debug|Win32
		{0CD5E2F2-87EF-AE6A-B0B0-CAE18A606411}.Debug|Win32.Build.0 = Debug|Win32
		{0CD5E2F2-87EF-AE6A-B0B0-CAE18A606411}.Debug|x64.ActiveCfg = Debug|x64
		{0CD5E2F2-87EF-AE6A-B0B0-CAE18A606411}.Debug|x64.Build.0 = Debug|x64
		{0CD5E2F2-87EF-AE6A-B0B0-CAE18A606411}.Release|Win32.ActiveCfg = Release|Win32
		{0CD5E2F2-87EF-AE6A-B0B0-CAE18A606411}.Release|Win32.Build.0 = Release|Win32
		{0CD5E2F2-87EF-AE6A-B0B0-CAE18A606411}.Release|x64.ActiveCfg = Release|x64
		{0CD5E2F2-87EF-AE6A-B0B0-CAE18A606411}.Release|x64.Build.0 = Release|x64
		{27DDD1F0-807B-AFEC-32AA-3E8E6A56FD23}.Debug|Win32.ActiveCfg = Debug|Win32
		{27DDD1F0-807B-AFEC-32AA-3E8E6A56FD23}.Debug|Win32.Build.0 = Debug|Win32
		{27DDD1F0-807B-AFEC-32AA-3E8E6A56FD23}.Debug|x64.ActiveCfg = Debug|x64
		{27DDD1F0-807B-AFEC-32AA-3E8E6A56FD23}.Debug|x64.Build.0 = Debug|x64
		{27DDD1F0-807B-AFEC-32AA-3E8E6A56FD23}.Release|Win32.ActiveCfg = Release|Win32
		{27DDD1F0-807B-AFEC-32AA-3E8E6A56FD23}.Release|Win32.Build.0 = Release|Win32
		{27DDD1F0-807B-AFEC-32AA-3E8E6A56FD23}.Release|x64.ActiveCfg = Release|x64
		{27DDD1F0-807B-AFEC-32AA-3E8E6A56FD23}.Release|x64.Build.0 = Release|x64
		{31B9FBA0-C754-046D-9E22-798B0DAC0DD6}.Debug|Win32.ActiveCfg = Debug|Win32
		{31B9FBA0-C754-046D-9E22-798B0DAC0DD6}.Debug|Win32.Build.0 = Debug|Win32
		{31B9FBA0-C754-046D-9E22-798B0DAC0DD6}.Debug|x64.ActiveCfg = Debug|x64
		{31B9FBA0-C754-046D-9E22-798B0DAC0DD6}.Debug|x64.Build.0 = Debug|x64
		{31B9FBA0-C754-046D-9E22-798B0DAC0DD6}.Release|Win32.ActiveCfg = Release|Win32
		{31B9FBA0-C754-046D-9E22-798B0DAC0DD6}.Release|Win32.Build.0 = Release|Win32
		{31B9FBA0-C754-046D-9E22-798B0DAC0DD6}.Release|x64.ActiveCfg = Release|x64
		{31B9FBA0-C754-046D-9E22-798B0DAC0DD6}.Release|x64.Build.0 = Release|x64
		{240AAD00-2696-0A63-5B71-6FA5432FD865}.Debug|Win32.ActiveCfg = Debug|Win32
		{240AAD00-2696-0A63-5B71-6FA5432FD865}.Debug|Win32.Build.0 = Debug|Win32
		{240AAD00-2696-0A63-5B71-6FA5432FD865}.Debug|x64.ActiveCfg = Debug|x64
		{240AAD00-2696-0A63-5B71-6FA5432FD865}.Debug|x64.Build.0 = Debug|x64
		{240AAD00-2696-0A63-5B71-6FA5432FD865}.Release|Win32.ActiveCfg = Release|Win32
		{240AAD00-2696-0A63-5B71-6FA5432FD865}.Release|Win32.Build.0 = Release|Win32
		{240AAD00-2696-0A63-5B71-6FA5432FD865}.Release|x64.ActiveCfg = Release|x64
		{240AAD00-2696-0A63-5B71-6FA5432FD865}.Release|x64.Build.0 = Release|x64
	EndGlobalSection
	GlobalSection(SolutionProperties) = preSolution
		HideSolutionNode = FALSE
	EndGlobalSection
EndGlobal
