<?xml version="1.0" encoding="utf-8"?>
<Project ToolsVersion="4.0" xmlns="http://schemas.microsoft.com/developer/msbuild/2003">
	<ItemGroup>
		<Filter Include="Source">
			<UniqueIdentifier>{62AF4FDA-F922-E632-B606-068ACF72E46F}</UniqueIdentifier>
		</Filter>
		<Filter Include="Source\common">
			<UniqueIdentifier>{FF80E3BF-5981-F490-A2FF-92257E1EDC57}</UniqueIdentifier>
		</Filter>
		<Filter Include="Source\common\math">
			<UniqueIdentifier>{034D0755-573F-E071-F290-34A0D71D6D94}</UniqueIdentifier>
		</Filter>
		<Filter Include="Source\common\widgets">
			<UniqueIdentifier>{6B76DF37-64EF-85F8-9E4E-5EC2DF6DAEE4}</UniqueIdentifier>
		</Filter>
		<Filter Include="Source\common\widgets\resources">
			<UniqueIdentifier>{7DE96C79-7E7B-5777-0DD7-BEBD63225530}</UniqueIdentifier>
		</Filter>
		<Filter Include="Source\common\audio">
			<UniqueIdentifier>{4EAEA048-D113-00DA-BE32-485A08717532}</UniqueIdentifier>
		</Filter>
		<Filter Include="Source\common\skin">
			<UniqueIdentifier>{5E6BC1BB-8567-A825-31F5-056D0CDA12EC}</UniqueIdentifier>
		</Filter>
		<Filter Include="Source\common\parameter_juggler">
			<UniqueIdentifier>{E77FB20E-7A1D-F3AC-C6C9-80A8F2614F4D}</UniqueIdentifier>
		</Filter>
		<Filter Include="libraries">
			<UniqueIdentifier>{F04863AF-4F94-86FA-68E2-76F7685FFE55}</UniqueIdentifier>
		</Filter>
		<Filter Include="libraries\juce">
			<UniqueIdentifier>{37F41685-AE6A-40CF-A8C4-ED72760526CB}</UniqueIdentifier>
		</Filter>
		<Filter Include="libraries\juce\modules">
			<UniqueIdentifier>{7755F564-5B0D-A517-BA8A-F2F76D971380}</UniqueIdentifier>
		</Filter>
		<Filter Include="libraries\juce\modules\juce_audio_basics">
			<UniqueIdentifier>{5CEFF83E-7C68-F9C0-16E1-04C982EC643F}</UniqueIdentifier>
		</Filter>
		<Filter Include="libraries\juce\modules\juce_audio_devices">
			<UniqueIdentifier>{B19C65AC-6656-A336-A4B7-C354F336F91B}</UniqueIdentifier>
		</Filter>
		<Filter Include="libraries\juce\modules\juce_audio_formats">
			<UniqueIdentifier>{A68D46CD-A639-ED59-C707-4EDC3C29B6E0}</UniqueIdentifier>
		</Filter>
		<Filter Include="libraries\juce\modules\juce_audio_processors">
			<UniqueIdentifier>{A6C16FB9-F045-DB84-DFA4-9A9429701C05}</UniqueIdentifier>
		</Filter>
		<Filter Include="libraries\juce\modules\juce_audio_utils">
			<UniqueIdentifier>{972133CE-EA66-EB7B-E464-7B130B42E013}</UniqueIdentifier>
		</Filter>
		<Filter Include="libraries\juce\modules\juce_core">
			<UniqueIdentifier>{317C37D3-165D-9FE8-23F9-E5AB19BB6A71}</UniqueIdentifier>
		</Filter>
		<Filter Include="libraries\juce\modules\juce_cryptography">
			<UniqueIdentifier>{2F5FDE32-FA8F-6C3E-0C10-998B1D386181}</UniqueIdentifier>
		</Filter>
		<Filter Include="libraries\juce\modules\juce_data_structures">
			<UniqueIdentifier>{214683E3-436F-F6CD-3303-882508F14B99}</UniqueIdentifier>
		</Filter>
		<Filter Include="libraries\juce\modules\juce_events">
			<UniqueIdentifier>{C9648503-93F8-BACE-2999-D315BB4B46CD}</UniqueIdentifier>
		</Filter>
		<Filter Include="libraries\juce\modules\juce_graphics">
			<UniqueIdentifier>{CFB3FAFF-DF0B-652E-86A0-FCF9D5C42777}</UniqueIdentifier>
		</Filter>
		<Filter Include="libraries\juce\modules\juce_gui_basics">
			<UniqueIdentifier>{CAFCD40B-DEE3-41B9-08A4-CC1FAF999131}</UniqueIdentifier>
		</Filter>
		<Filter Include="libraries\juce\modules\juce_gui_extra">
			<UniqueIdentifier>{654CEFF8-1D99-E0CB-4800-43C800FB30F8}</UniqueIdentifier>
		</Filter>
		<Filter Include="libraries\juce\modules\juce_video">
			<UniqueIdentifier>{EDAD513D-1E27-0FE4-9580-30498C58ABD8}</UniqueIdentifier>
		</Filter>
		<Filter Include="libraries\juce\modules\juce_audio_plugin_client">
			<UniqueIdentifier>{C5D5A55D-E0B9-44B0-8117-FF0299C4A0C1}</UniqueIdentifier>
		</Filter>
		<Filter Include="libraries\juce\modules\juce_audio_plugin_client\utility">
			<UniqueIdentifier>{139DDAFE-4516-4CEC-0AAB-B22F355D5353}</UniqueIdentifier>
		</Filter>
		<Filter Include="libraries\juce\modules\juce_audio_plugin_client\VST">
			<UniqueIdentifier>{251C1C9E-6044-0F6D-04A9-243C8105DF1D}</UniqueIdentifier>
		</Filter>
	</ItemGroup>
	<ItemGroup>
		<ClInclude Include="..\..\..\Source\meter_bar.h">
			<Filter>Source</Filter>
		</ClInclude>
		<ClInclude Include="..\..\..\Source\window_validation.h">
			<Filter>Source</Filter>
		</ClInclude>
		<ClInclude Include="..\..\..\Source\average_level_filtered.h">
			<Filter>Source</Filter>
		</ClInclude>
		<ClInclude Include="..\..\..\Source\overflow_meter.h">
			<Filter>Source</Filter>
		</ClInclude>
		<ClInclude Include="..\..\..\Source\peak_label.h">
			<Filter>Source</Filter>
		</ClInclude>
		<ClInclude Include="..\..\..\Source\kmeter.h">
			<Filter>Source</Filter>
		</ClInclude>
		<ClInclude Include="..\..\..\Source\audio_file_player.h">
			<Filter>Source</Filter>
		</ClInclude>
		<ClInclude Include="..\..\..\Source\plugin_parameters.h">
			<Filter>Source</Filter>
		</ClInclude>
		<ClInclude Include="..\..\..\Source\skin.h">
			<Filter>Source</Filter>
		</ClInclude>
		<ClInclude Include="..\..\..\Source\plugin_processor.h">
			<Filter>Source</Filter>
		</ClInclude>
		<ClInclude Include="..\..\..\Source\meter_ballistics.h">
			<Filter>Source</Filter>
		</ClInclude>
		<ClInclude Include="..\..\..\Source\plugin_editor.h">
			<Filter>Source</Filter>
		</ClInclude>
		<ClInclude Include="..\..\..\Source\common\mz_juce_common.h">
			<Filter>Source\common</Filter>
		</ClInclude>
		<ClInclude Include="..\..\..\Source\common\math\averager.h">
			<Filter>Source\common\math</Filter>
		</ClInclude>
		<ClInclude Include="..\..\..\Source\common\widgets\generic_plugin_standalone.h">
			<Filter>Source\common\widgets</Filter>
		</ClInclude>
		<ClInclude Include="..\..\..\Source\common\widgets\slider_continuous.h">
			<Filter>Source\common\widgets</Filter>
		</ClInclude>
		<ClInclude Include="..\..\..\Source\common\widgets\generic_window_about.h">
			<Filter>Source\common\widgets</Filter>
		</ClInclude>
		<ClInclude Include="..\..\..\Source\common\widgets\generic_channel_slider.h">
			<Filter>Source\common\widgets</Filter>
		</ClInclude>
		<ClInclude Include="..\..\..\Source\common\widgets\slider_combined.h">
			<Filter>Source\common\widgets</Filter>
		</ClInclude>
		<ClInclude Include="..\..\..\Source\common\widgets\generic_meter_bar.h">
			<Filter>Source\common\widgets</Filter>
		</ClInclude>
		<ClInclude Include="..\..\..\Source\common\widgets\generic_window_skin.h">
			<Filter>Source\common\widgets</Filter>
		</ClInclude>
		<ClInclude Include="..\..\..\Source\common\widgets\slider_switch_linear_bar.h">
			<Filter>Source\common\widgets</Filter>
		</ClInclude>
		<ClInclude Include="..\..\..\Source\common\widgets\slider_switch.h">
			<Filter>Source\common\widgets</Filter>
		</ClInclude>
		<ClInclude Include="..\..\..\Source\common\widgets\generic_horizontal_meter.h">
			<Filter>Source\common\widgets</Filter>
		</ClInclude>
		<ClInclude Include="..\..\..\Source\common\widgets\generic_state_label.h">
			<Filter>Source\common\widgets</Filter>
		</ClInclude>
		<ClInclude Include="..\..\..\Source\common\widgets\generic_meter_segment.h">
			<Filter>Source\common\widgets</Filter>
		</ClInclude>
		<ClInclude Include="..\..\..\Source\common\widgets\resources\resources.h">
			<Filter>Source\common\widgets\resources</Filter>
		</ClInclude>
		<ClInclude Include="..\..\..\Source\common\audio\audio_ring_buffer.h">
			<Filter>Source\common\audio</Filter>
		</ClInclude>
		<ClInclude Include="..\..\..\Source\common\audio\dither.h">
			<Filter>Source\common\audio</Filter>
		</ClInclude>
		<ClInclude Include="..\..\..\Source\common\skin\generic_skin.h">
			<Filter>Source\common\skin</Filter>
		</ClInclude>
		<ClInclude Include="..\..\..\Source\common\parameter_juggler\plugin_parameter.h">
			<Filter>Source\common\parameter_juggler</Filter>
		</ClInclude>
		<ClInclude Include="..\..\..\Source\common\parameter_juggler\plugin_parameter_boolean.h">
			<Filter>Source\common\parameter_juggler</Filter>
		</ClInclude>
		<ClInclude Include="..\..\..\Source\common\parameter_juggler\plugin_parameter_switch.h">
			<Filter>Source\common\parameter_juggler</Filter>
		</ClInclude>
		<ClInclude Include="..\..\..\Source\common\parameter_juggler\plugin_parameter_combined.h">
			<Filter>Source\common\parameter_juggler</Filter>
		</ClInclude>
		<ClInclude Include="..\..\..\Source\common\parameter_juggler\parameter_juggler.h">
			<Filter>Source\common\parameter_juggler</Filter>
		</ClInclude>
		<ClInclude Include="..\..\..\Source\common\parameter_juggler\plugin_parameter_continuous.h">
			<Filter>Source\common\parameter_juggler</Filter>
		</ClInclude>
		<ClInclude Include="..\..\..\Source\common\parameter_juggler\plugin_parameter_string.h">
			<Filter>Source\common\parameter_juggler</Filter>
		</ClInclude>
	</ItemGroup>
	<ItemGroup>
		<ClCompile Include="..\..\..\Source\plugin_processor.cpp">
			<Filter>Source</Filter>
		</ClCompile>
		<ClCompile Include="..\..\..\Source\plugin_parameters.cpp">
			<Filter>Source</Filter>
		</ClCompile>
		<ClCompile Include="..\..\..\Source\skin.cpp">
			<Filter>Source</Filter>
		</ClCompile>
		<ClCompile Include="..\..\..\Source\main.cpp">
			<Filter>Source</Filter>
		</ClCompile>
		<ClCompile Include="..\..\..\Source\average_level_filtered.cpp">
			<Filter>Source</Filter>
		</ClCompile>
		<ClCompile Include="..\..\..\Source\window_validation.cpp">
			<Filter>Source</Filter>
		</ClCompile>
		<ClCompile Include="..\..\..\Source\meter_bar.cpp">
			<Filter>Source</Filter>
		</ClCompile>
		<ClCompile Include="..\..\..\Source\peak_label.cpp">
			<Filter>Source</Filter>
		</ClCompile>
		<ClCompile Include="..\..\..\Source\kmeter.cpp">
			<Filter>Source</Filter>
		</ClCompile>
		<ClCompile Include="..\..\..\Source\meter_ballistics.cpp">
			<Filter>Source</Filter>
		</ClCompile>
		<ClCompile Include="..\..\..\Source\plugin_editor.cpp">
			<Filter>Source</Filter>
		</ClCompile>
		<ClCompile Include="..\..\..\Source\audio_file_player.cpp">
			<Filter>Source</Filter>
		</ClCompile>
		<ClCompile Include="..\..\..\Source\overflow_meter.cpp">
			<Filter>Source</Filter>
		</ClCompile>
		<ClCompile Include="..\..\..\Source\common\math\averager.cpp">
			<Filter>Source\common\math</Filter>
		</ClCompile>
		<ClCompile Include="..\..\..\Source\common\widgets\generic_horizontal_meter.cpp">
			<Filter>Source\common\widgets</Filter>
		</ClCompile>
		<ClCompile Include="..\..\..\Source\common\widgets\slider_combined.cpp">
			<Filter>Source\common\widgets</Filter>
		</ClCompile>
		<ClCompile Include="..\..\..\Source\common\widgets\slider_switch.cpp">
			<Filter>Source\common\widgets</Filter>
		</ClCompile>
		<ClCompile Include="..\..\..\Source\common\widgets\generic_meter_segment.cpp">
			<Filter>Source\common\widgets</Filter>
		</ClCompile>
		<ClCompile Include="..\..\..\Source\common\widgets\generic_window_skin.cpp">
			<Filter>Source\common\widgets</Filter>
		</ClCompile>
		<ClCompile Include="..\..\..\Source\common\widgets\generic_window_about.cpp">
			<Filter>Source\common\widgets</Filter>
		</ClCompile>
		<ClCompile Include="..\..\..\Source\common\widgets\slider_continuous.cpp">
			<Filter>Source\common\widgets</Filter>
		</ClCompile>
		<ClCompile Include="..\..\..\Source\common\widgets\slider_switch_linear_bar.cpp">
			<Filter>Source\common\widgets</Filter>
		</ClCompile>
		<ClCompile Include="..\..\..\Source\common\widgets\generic_channel_slider.cpp">
			<Filter>Source\common\widgets</Filter>
		</ClCompile>
		<ClCompile Include="..\..\..\Source\common\widgets\generic_plugin_standalone.cpp">
			<Filter>Source\common\widgets</Filter>
		</ClCompile>
		<ClCompile Include="..\..\..\Source\common\widgets\generic_state_label.cpp">
			<Filter>Source\common\widgets</Filter>
		</ClCompile>
		<ClCompile Include="..\..\..\Source\common\widgets\generic_meter_bar.cpp">
			<Filter>Source\common\widgets</Filter>
		</ClCompile>
		<ClCompile Include="..\..\..\Source\common\widgets\resources\resources.cpp">
			<Filter>Source\common\widgets\resources</Filter>
		</ClCompile>
		<ClCompile Include="..\..\..\Source\common\audio\audio_ring_buffer.cpp">
			<Filter>Source\common\audio</Filter>
		</ClCompile>
		<ClCompile Include="..\..\..\Source\common\audio\dither.cpp">
			<Filter>Source\common\audio</Filter>
		</ClCompile>
		<ClCompile Include="..\..\..\Source\common\skin\generic_skin.cpp">
			<Filter>Source\common\skin</Filter>
		</ClCompile>
		<ClCompile Include="..\..\..\Source\common\parameter_juggler\plugin_parameter_switch.cpp">
			<Filter>Source\common\parameter_juggler</Filter>
		</ClCompile>
		<ClCompile Include="..\..\..\Source\common\parameter_juggler\parameter_juggler.cpp">
			<Filter>Source\common\parameter_juggler</Filter>
		</ClCompile>
		<ClCompile Include="..\..\..\Source\common\parameter_juggler\plugin_parameter_boolean.cpp">
			<Filter>Source\common\parameter_juggler</Filter>
		</ClCompile>
		<ClCompile Include="..\..\..\Source\common\parameter_juggler\plugin_parameter.cpp">
			<Filter>Source\common\parameter_juggler</Filter>
		</ClCompile>
		<ClCompile Include="..\..\..\Source\common\parameter_juggler\plugin_parameter_string.cpp">
			<Filter>Source\common\parameter_juggler</Filter>
		</ClCompile>
		<ClCompile Include="..\..\..\Source\common\parameter_juggler\plugin_parameter_combined.cpp">
			<Filter>Source\common\parameter_juggler</Filter>
		</ClCompile>
		<ClCompile Include="..\..\..\Source\common\parameter_juggler\plugin_parameter_continuous.cpp">
			<Filter>Source\common\parameter_juggler</Filter>
		</ClCompile>
		<ClCompile Include="..\..\..\libraries\juce\modules\juce_audio_basics\juce_audio_basics.cpp">
			<Filter>libraries\juce\modules\juce_audio_basics</Filter>
		</ClCompile>
		<ClCompile Include="..\..\..\libraries\juce\modules\juce_audio_devices\juce_audio_devices.cpp">
			<Filter>libraries\juce\modules\juce_audio_devices</Filter>
		</ClCompile>
		<ClCompile Include="..\..\..\libraries\juce\modules\juce_audio_formats\juce_audio_formats.cpp">
			<Filter>libraries\juce\modules\juce_audio_formats</Filter>
		</ClCompile>
		<ClCompile Include="..\..\..\libraries\juce\modules\juce_audio_processors\juce_audio_processors.cpp">
			<Filter>libraries\juce\modules\juce_audio_processors</Filter>
		</ClCompile>
		<ClCompile Include="..\..\..\libraries\juce\modules\juce_audio_utils\juce_audio_utils.cpp">
			<Filter>libraries\juce\modules\juce_audio_utils</Filter>
		</ClCompile>
		<ClCompile Include="..\..\..\libraries\juce\modules\juce_core\juce_core.cpp">
			<Filter>libraries\juce\modules\juce_core</Filter>
		</ClCompile>
		<ClCompile Include="..\..\..\libraries\juce\modules\juce_cryptography\juce_cryptography.cpp">
			<Filter>libraries\juce\modules\juce_cryptography</Filter>
		</ClCompile>
		<ClCompile Include="..\..\..\libraries\juce\modules\juce_data_structures\juce_data_structures.cpp">
			<Filter>libraries\juce\modules\juce_data_structures</Filter>
		</ClCompile>
		<ClCompile Include="..\..\..\libraries\juce\modules\juce_events\juce_events.cpp">
			<Filter>libraries\juce\modules\juce_events</Filter>
		</ClCompile>
		<ClCompile Include="..\..\..\libraries\juce\modules\juce_graphics\juce_graphics.cpp">
			<Filter>libraries\juce\modules\juce_graphics</Filter>
		</ClCompile>
		<ClCompile Include="..\..\..\libraries\juce\modules\juce_gui_basics\juce_gui_basics.cpp">
			<Filter>libraries\juce\modules\juce_gui_basics</Filter>
		</ClCompile>
		<ClCompile Include="..\..\..\libraries\juce\modules\juce_gui_extra\juce_gui_extra.cpp">
			<Filter>libraries\juce\modules\juce_gui_extra</Filter>
		</ClCompile>
		<ClCompile Include="..\..\..\libraries\juce\modules\juce_video\juce_video.cpp">
			<Filter>libraries\juce\modules\juce_video</Filter>
		</ClCompile>
		<ClCompile Include="..\..\..\libraries\juce\modules\juce_audio_plugin_client\utility\juce_PluginUtilities.cpp">
			<Filter>libraries\juce\modules\juce_audio_plugin_client\utility</Filter>
		</ClCompile>
		<ClCompile Include="..\..\..\libraries\juce\modules\juce_audio_plugin_client\VST\juce_VST_Wrapper.cpp">
			<Filter>libraries\juce\modules\juce_audio_plugin_client\VST</Filter>
		</ClCompile>
	</ItemGroup>
</Project>
