
Microsoft Visual Studio Solution File, Format Version 11.00
# Visual Studio 2010
Project("{8BC9CEB8-8B4A-11D0-8D11-00A0C91BC942}") = "kmeter_standalone_stereo", "kmeter_standalone_stereo.vcxproj", "{7BDD0EB4-6EDA-720C-5AD1-3362599F4B84}"
EndProject
Project("{8BC9CEB8-8B4A-11D0-8D11-00A0C91BC942}") = "kmeter_standalone_surround", "kmeter_standalone_surround.vcxproj", "{2E319142-82CB-ED2D-6F6B-9A119E5F277E}"
EndProject
Project("{8BC9CEB8-8B4A-11D0-8D11-00A0C91BC942}") = "kmeter_vst_stereo", "kmeter_vst_stereo.vcxproj", "{CFB07C67-16AC-CA35-000C-E5A6AABCD406}"
EndProject
Project("{8BC9CEB8-8B4A-11D0-8D11-00A0C91BC942}") = "kmeter_vst_surround", "kmeter_vst_surround.vcxproj", "{D10089E1-782D-279B-5A0D-D36414B11F1F}"
EndProject
Global
	GlobalSection(SolutionConfigurationPlatforms) = preSolution
		Debug|Win32 = Debug|Win32
		Debug|x64 = Debug|x64
		Release|Win32 = Release|Win32
		Release|x64 = Release|x64
	EndGlobalSection
	GlobalSection(ProjectConfigurationPlatforms) = postSolution
		{7BDD0EB4-6EDA-720C-5AD1-3362599F4B84}.Debug|Win32.ActiveCfg = Debug|Win32
		{7BDD0EB4-6EDA-720C-5AD1-3362599F4B84}.Debug|Win32.Build.0 = Debug|Win32
		{7BDD0EB4-6EDA-720C-5AD1-3362599F4B84}.Debug|x64.ActiveCfg = Debug|x64
		{7BDD0EB4-6EDA-720C-5AD1-3362599F4B84}.Debug|x64.Build.0 = Debug|x64
		{7BDD0EB4-6EDA-720C-5AD1-3362599F4B84}.Release|Win32.ActiveCfg = Release|Win32
		{7BDD0EB4-6EDA-720C-5AD1-3362599F4B84}.Release|Win32.Build.0 = Release|Win32
		{7BDD0EB4-6EDA-720C-5AD1-3362599F4B84}.Release|x64.ActiveCfg = Release|x64
		{7BDD0EB4-6EDA-720C-5AD1-3362599F4B84}.Release|x64.Build.0 = Release|x64
		{2E319142-82CB-ED2D-6F6B-9A119E5F277E}.Debug|Win32.ActiveCfg = Debug|Win32
		{2E319142-82CB-ED2D-6F6B-9A119E5F277E}.Debug|Win32.Build.0 = Debug|Win32
		{2E319142-82CB-ED2D-6F6B-9A119E5F277E}.Debug|x64.ActiveCfg = Debug|x64
		{2E319142-82CB-ED2D-6F6B-9A119E5F277E}.Debug|x64.Build.0 = Debug|x64
		{2E319142-82CB-ED2D-6F6B-9A119E5F277E}.Release|Win32.ActiveCfg = Release|Win32
		{2E319142-82CB-ED2D-6F6B-9A119E5F277E}.Release|Win32.Build.0 = Release|Win32
		{2E319142-82CB-ED2D-6F6B-9A119E5F277E}.Release|x64.ActiveCfg = Release|x64
		{2E319142-82CB-ED2D-6F6B-9A119E5F277E}.Release|x64.Build.0 = Release|x64
		{CFB07C67-16AC-CA35-000C-E5A6AABCD406}.Debug|Win32.ActiveCfg = Debug|Win32
		{CFB07C67-16AC-CA35-000C-E5A6AABCD406}.Debug|Win32.Build.0 = Debug|Win32
		{CFB07C67-16AC-CA35-000C-E5A6AABCD406}.Debug|x64.ActiveCfg = Debug|x64
		{CFB07C67-16AC-CA35-000C-E5A6AABCD406}.Debug|x64.Build.0 = Debug|x64
		{CFB07C67-16AC-CA35-000C-E5A6AABCD406}.Release|Win32.ActiveCfg = Release|Win32
		{CFB07C67-16AC-CA35-000C-E5A6AABCD406}.Release|Win32.Build.0 = Release|Win32
		{CFB07C67-16AC-CA35-000C-E5A6AABCD406}.Release|x64.ActiveCfg = Release|x64
		{CFB07C67-16AC-CA35-000C-E5A6AABCD406}.Release|x64.Build.0 = Release|x64
		{D10089E1-782D-279B-5A0D-D36414B11F1F}.Debug|Win32.ActiveCfg = Debug|Win32
		{D10089E1-782D-279B-5A0D-D36414B11F1F}.Debug|Win32.Build.0 = Debug|Win32
		{D10089E1-782D-279B-5A0D-D36414B11F1F}.Debug|x64.ActiveCfg = Debug|x64
		{D10089E1-782D-279B-5A0D-D36414B11F1F}.Debug|x64.Build.0 = Debug|x64
		{D10089E1-782D-279B-5A0D-D36414B11F1F}.Release|Win32.ActiveCfg = Release|Win32
		{D10089E1-782D-279B-5A0D-D36414B11F1F}.Release|Win32.Build.0 = Release|Win32
		{D10089E1-782D-279B-5A0D-D36414B11F1F}.Release|x64.ActiveCfg = Release|x64
		{D10089E1-782D-279B-5A0D-D36414B11F1F}.Release|x64.Build.0 = Release|x64
	EndGlobalSection
	GlobalSection(SolutionProperties) = preSolution
		HideSolutionNode = FALSE
	EndGlobalSection
EndGlobal
