<?xml version="1.0" encoding="utf-8"?>
<Project ToolsVersion="4.0" xmlns="http://schemas.microsoft.com/developer/msbuild/2003">
	<ItemGroup>
		<Filter Include="Source">
			<UniqueIdentifier>{918C86CA-033A-395B-82EE-C3DB4DB65902}</UniqueIdentifier>
		</Filter>
		<Filter Include="Source\mz_juce_common">
			<UniqueIdentifier>{5E72FF4D-84ED-43B7-7EBA-FD1F3E3BF6D4}</UniqueIdentifier>
		</Filter>
		<Filter Include="Source\mz_juce_common\math">
			<UniqueIdentifier>{3D75CB7C-E349-A740-2CEE-365268A56E80}</UniqueIdentifier>
		</Filter>
		<Filter Include="Source\mz_juce_common\widgets">
			<UniqueIdentifier>{EBCFDA83-8030-DC0D-9ADB-3256A729CEC1}</UniqueIdentifier>
		</Filter>
		<Filter Include="Source\mz_juce_common\widgets\resources">
			<UniqueIdentifier>{D735FD1C-D8F3-D857-112B-266FEAA8D1B4}</UniqueIdentifier>
		</Filter>
		<Filter Include="Source\mz_juce_common\audio">
			<UniqueIdentifier>{4E86A206-85B1-121E-3023-470B1CDA3F67}</UniqueIdentifier>
		</Filter>
		<Filter Include="Source\mz_juce_common\parameter_juggler">
			<UniqueIdentifier>{2605D8C0-4F9F-05C3-7FE2-6F9135D3854A}</UniqueIdentifier>
		</Filter>
		<Filter Include="libraries">
			<UniqueIdentifier>{A8A6E59E-CDE3-F4ED-73F1-47C09D53EBCB}</UniqueIdentifier>
		</Filter>
		<Filter Include="libraries\juce">
			<UniqueIdentifier>{6CB953D4-6289-DD96-621C-D5C774BA6DC1}</UniqueIdentifier>
		</Filter>
		<Filter Include="libraries\juce\modules">
			<UniqueIdentifier>{7CB1D0E3-7885-EE01-5D5C-F3AEAFF71E70}</UniqueIdentifier>
		</Filter>
		<Filter Include="libraries\juce\modules\juce_audio_basics">
			<UniqueIdentifier>{CF9361B5-6073-B866-876A-ACA1C4F6E3E3}</UniqueIdentifier>
		</Filter>
		<Filter Include="libraries\juce\modules\juce_audio_devices">
			<UniqueIdentifier>{09B97B53-1D91-EB3A-E34D-576E536C7C44}</UniqueIdentifier>
		</Filter>
		<Filter Include="libraries\juce\modules\juce_audio_formats">
			<UniqueIdentifier>{1EA3DC3A-6187-1396-4C9F-555C94B0CB27}</UniqueIdentifier>
		</Filter>
		<Filter Include="libraries\juce\modules\juce_audio_processors">
			<UniqueIdentifier>{6E1D15EF-319C-0A21-12A8-FBEAAFB7D20D}</UniqueIdentifier>
		</Filter>
		<Filter Include="libraries\juce\modules\juce_audio_utils">
			<UniqueIdentifier>{8E8A1458-FFEB-0463-5D83-A7EF1584403F}</UniqueIdentifier>
		</Filter>
		<Filter Include="libraries\juce\modules\juce_core">
			<UniqueIdentifier>{326FE0C0-814B-5BFA-049D-B0B1BCF71C21}</UniqueIdentifier>
		</Filter>
		<Filter Include="libraries\juce\modules\juce_cryptography">
			<UniqueIdentifier>{9190DC7F-981A-E9D5-1A3F-261D8F029274}</UniqueIdentifier>
		</Filter>
		<Filter Include="libraries\juce\modules\juce_data_structures">
			<UniqueIdentifier>{89F160ED-F007-6474-9520-D39C66A10A52}</UniqueIdentifier>
		</Filter>
		<Filter Include="libraries\juce\modules\juce_events">
			<UniqueIdentifier>{6C055DEF-4EF2-A587-82FC-8B9404587153}</UniqueIdentifier>
		</Filter>
		<Filter Include="libraries\juce\modules\juce_graphics">
			<UniqueIdentifier>{2AABB9B0-43D8-B22E-28CE-14C78E81E31F}</UniqueIdentifier>
		</Filter>
		<Filter Include="libraries\juce\modules\juce_gui_basics">
			<UniqueIdentifier>{359BD1BA-02D7-00D6-A958-0A984951A23D}</UniqueIdentifier>
		</Filter>
		<Filter Include="libraries\juce\modules\juce_gui_extra">
			<UniqueIdentifier>{3F11283E-6FD2-FB8B-3C9D-7AA4B48E07B8}</UniqueIdentifier>
		</Filter>
		<Filter Include="libraries\juce\modules\juce_video">
			<UniqueIdentifier>{428B005B-1445-301D-DEE8-39EA85ABB1FD}</UniqueIdentifier>
		</Filter>
		<Filter Include="libraries\juce\modules\juce_audio_plugin_client">
			<UniqueIdentifier>{F4BF3472-AA21-3BE2-AD7E-786169BD1209}</UniqueIdentifier>
		</Filter>
		<Filter Include="libraries\juce\modules\juce_audio_plugin_client\utility">
			<UniqueIdentifier>{7B7707CD-4FCB-08C4-E82E-2AB81F7EA03C}</UniqueIdentifier>
		</Filter>
		<Filter Include="libraries\juce\modules\juce_audio_plugin_client\VST">
			<UniqueIdentifier>{AC394F43-D900-7D86-77F9-42C76515AD63}</UniqueIdentifier>
		</Filter>
	</ItemGroup>
	<ItemGroup>
		<ClInclude Include="..\..\..\Source\meter_bar.h">
			<Filter>Source</Filter>
		</ClInclude>
		<ClInclude Include="..\..\..\Source\window_validation.h">
			<Filter>Source</Filter>
		</ClInclude>
		<ClInclude Include="..\..\..\Source\channel_slider.h">
			<Filter>Source</Filter>
		</ClInclude>
		<ClInclude Include="..\..\..\Source\average_level_filtered.h">
			<Filter>Source</Filter>
		</ClInclude>
		<ClInclude Include="..\..\..\Source\meter_segment.h">
			<Filter>Source</Filter>
		</ClInclude>
		<ClInclude Include="..\..\..\Source\overflow_meter.h">
			<Filter>Source</Filter>
		</ClInclude>
		<ClInclude Include="..\..\..\Source\audio_ring_buffer.h">
			<Filter>Source</Filter>
		</ClInclude>
		<ClInclude Include="..\..\..\Source\peak_label.h">
			<Filter>Source</Filter>
		</ClInclude>
		<ClInclude Include="..\..\..\Source\kmeter.h">
			<Filter>Source</Filter>
		</ClInclude>
		<ClInclude Include="..\..\..\Source\horizontal_meter.h">
			<Filter>Source</Filter>
		</ClInclude>
		<ClInclude Include="..\..\..\Source\audio_file_player.h">
			<Filter>Source</Filter>
		</ClInclude>
		<ClInclude Include="..\..\..\Source\plugin_parameters.h">
			<Filter>Source</Filter>
		</ClInclude>
		<ClInclude Include="..\..\..\Source\skin.h">
			<Filter>Source</Filter>
		</ClInclude>
		<ClInclude Include="..\..\..\Source\plugin_processor.h">
			<Filter>Source</Filter>
		</ClInclude>
		<ClInclude Include="..\..\..\Source\meter_ballistics.h">
			<Filter>Source</Filter>
		</ClInclude>
		<ClInclude Include="..\..\..\Source\plugin_editor.h">
			<Filter>Source</Filter>
		</ClInclude>
		<ClInclude Include="..\..\..\Source\mz_juce_common\tools.h">
			<Filter>Source\mz_juce_common</Filter>
		</ClInclude>
		<ClInclude Include="..\..\..\Source\mz_juce_common\mz_juce_common.h">
			<Filter>Source\mz_juce_common</Filter>
		</ClInclude>
		<ClInclude Include="..\..\..\Source\mz_juce_common\math\averager.h">
			<Filter>Source\mz_juce_common\math</Filter>
		</ClInclude>
		<ClInclude Include="..\..\..\Source\mz_juce_common\widgets\generic_plugin_standalone.h">
			<Filter>Source\mz_juce_common\widgets</Filter>
		</ClInclude>
		<ClInclude Include="..\..\..\Source\mz_juce_common\widgets\generic_window_about.h">
			<Filter>Source\mz_juce_common\widgets</Filter>
		</ClInclude>
		<ClInclude Include="..\..\..\Source\mz_juce_common\widgets\generic_window_skin.h">
			<Filter>Source\mz_juce_common\widgets</Filter>
		</ClInclude>
		<ClInclude Include="..\..\..\Source\mz_juce_common\widgets\generic_state_label.h">
			<Filter>Source\mz_juce_common\widgets</Filter>
		</ClInclude>
		<ClInclude Include="..\..\..\Source\mz_juce_common\widgets\resources\resources.h">
			<Filter>Source\mz_juce_common\widgets\resources</Filter>
		</ClInclude>
		<ClInclude Include="..\..\..\Source\mz_juce_common\audio\dither.h">
			<Filter>Source\mz_juce_common\audio</Filter>
		</ClInclude>
		<ClInclude Include="..\..\..\Source\mz_juce_common\parameter_juggler\wrapped_parameter_continuous.h">
			<Filter>Source\mz_juce_common\parameter_juggler</Filter>
		</ClInclude>
		<ClInclude Include="..\..\..\Source\mz_juce_common\parameter_juggler\slider_continuous.h">
			<Filter>Source\mz_juce_common\parameter_juggler</Filter>
		</ClInclude>
		<ClInclude Include="..\..\..\Source\mz_juce_common\parameter_juggler\wrapped_parameter_toggle_switch.h">
			<Filter>Source\mz_juce_common\parameter_juggler</Filter>
		</ClInclude>
		<ClInclude Include="..\..\..\Source\mz_juce_common\parameter_juggler\wrapped_parameter.h">
			<Filter>Source\mz_juce_common\parameter_juggler</Filter>
		</ClInclude>
		<ClInclude Include="..\..\..\Source\mz_juce_common\parameter_juggler\parameter_juggler.h">
			<Filter>Source\mz_juce_common\parameter_juggler</Filter>
		</ClInclude>
		<ClInclude Include="..\..\..\Source\mz_juce_common\parameter_juggler\slider_combined.h">
			<Filter>Source\mz_juce_common\parameter_juggler</Filter>
		</ClInclude>
		<ClInclude Include="..\..\..\Source\mz_juce_common\parameter_juggler\wrapped_parameter_switch.h">
			<Filter>Source\mz_juce_common\parameter_juggler</Filter>
		</ClInclude>
		<ClInclude Include="..\..\..\Source\mz_juce_common\parameter_juggler\wrapped_parameter_combined.h">
			<Filter>Source\mz_juce_common\parameter_juggler</Filter>
		</ClInclude>
		<ClInclude Include="..\..\..\Source\mz_juce_common\parameter_juggler\wrapped_parameter_string.h">
			<Filter>Source\mz_juce_common\parameter_juggler</Filter>
		</ClInclude>
		<ClInclude Include="..\..\..\Source\mz_juce_common\parameter_juggler\slider_switch_linear_bar.h">
			<Filter>Source\mz_juce_common\parameter_juggler</Filter>
		</ClInclude>
		<ClInclude Include="..\..\..\Source\mz_juce_common\parameter_juggler\slider_switch.h">
			<Filter>Source\mz_juce_common\parameter_juggler</Filter>
		</ClInclude>
	</ItemGroup>
	<ItemGroup>
		<ClCompile Include="..\..\..\Source\meter_segment.cpp">
			<Filter>Source</Filter>
		</ClCompile>
		<ClCompile Include="..\..\..\Source\plugin_processor.cpp">
			<Filter>Source</Filter>
		</ClCompile>
		<ClCompile Include="..\..\..\Source\plugin_parameters.cpp">
			<Filter>Source</Filter>
		</ClCompile>
		<ClCompile Include="..\..\..\Source\skin.cpp">
			<Filter>Source</Filter>
		</ClCompile>
		<ClCompile Include="..\..\..\Source\main.cpp">
			<Filter>Source</Filter>
		</ClCompile>
		<ClCompile Include="..\..\..\Source\horizontal_meter.cpp">
			<Filter>Source</Filter>
		</ClCompile>
		<ClCompile Include="..\..\..\Source\average_level_filtered.cpp">
			<Filter>Source</Filter>
		</ClCompile>
		<ClCompile Include="..\..\..\Source\window_validation.cpp">
			<Filter>Source</Filter>
		</ClCompile>
		<ClCompile Include="..\..\..\Source\meter_bar.cpp">
			<Filter>Source</Filter>
		</ClCompile>
		<ClCompile Include="..\..\..\Source\peak_label.cpp">
			<Filter>Source</Filter>
		</ClCompile>
		<ClCompile Include="..\..\..\Source\kmeter.cpp">
			<Filter>Source</Filter>
		</ClCompile>
		<ClCompile Include="..\..\..\Source\audio_ring_buffer.cpp">
			<Filter>Source</Filter>
		</ClCompile>
		<ClCompile Include="..\..\..\Source\meter_ballistics.cpp">
			<Filter>Source</Filter>
		</ClCompile>
		<ClCompile Include="..\..\..\Source\plugin_editor.cpp">
			<Filter>Source</Filter>
		</ClCompile>
		<ClCompile Include="..\..\..\Source\audio_file_player.cpp">
			<Filter>Source</Filter>
		</ClCompile>
		<ClCompile Include="..\..\..\Source\overflow_meter.cpp">
			<Filter>Source</Filter>
		</ClCompile>
		<ClCompile Include="..\..\..\Source\channel_slider.cpp">
			<Filter>Source</Filter>
		</ClCompile>
		<ClCompile Include="..\..\..\Source\mz_juce_common\math\averager.cpp">
			<Filter>Source\mz_juce_common\math</Filter>
		</ClCompile>
		<ClCompile Include="..\..\..\Source\mz_juce_common\widgets\generic_window_skin.cpp">
			<Filter>Source\mz_juce_common\widgets</Filter>
		</ClCompile>
		<ClCompile Include="..\..\..\Source\mz_juce_common\widgets\generic_window_about.cpp">
			<Filter>Source\mz_juce_common\widgets</Filter>
		</ClCompile>
		<ClCompile Include="..\..\..\Source\mz_juce_common\widgets\generic_plugin_standalone.cpp">
			<Filter>Source\mz_juce_common\widgets</Filter>
		</ClCompile>
		<ClCompile Include="..\..\..\Source\mz_juce_common\widgets\generic_state_label.cpp">
			<Filter>Source\mz_juce_common\widgets</Filter>
		</ClCompile>
		<ClCompile Include="..\..\..\Source\mz_juce_common\widgets\resources\resources.cpp">
			<Filter>Source\mz_juce_common\widgets\resources</Filter>
		</ClCompile>
		<ClCompile Include="..\..\..\Source\mz_juce_common\audio\dither.cpp">
			<Filter>Source\mz_juce_common\audio</Filter>
		</ClCompile>
		<ClCompile Include="..\..\..\Source\mz_juce_common\parameter_juggler\wrapped_parameter_toggle_switch.cpp">
			<Filter>Source\mz_juce_common\parameter_juggler</Filter>
		</ClCompile>
		<ClCompile Include="..\..\..\Source\mz_juce_common\parameter_juggler\parameter_juggler.cpp">
			<Filter>Source\mz_juce_common\parameter_juggler</Filter>
		</ClCompile>
		<ClCompile Include="..\..\..\Source\mz_juce_common\parameter_juggler\slider_combined.cpp">
			<Filter>Source\mz_juce_common\parameter_juggler</Filter>
		</ClCompile>
		<ClCompile Include="..\..\..\Source\mz_juce_common\parameter_juggler\slider_switch.cpp">
			<Filter>Source\mz_juce_common\parameter_juggler</Filter>
		</ClCompile>
		<ClCompile Include="..\..\..\Source\mz_juce_common\parameter_juggler\wrapped_parameter_string.cpp">
			<Filter>Source\mz_juce_common\parameter_juggler</Filter>
		</ClCompile>
		<ClCompile Include="..\..\..\Source\mz_juce_common\parameter_juggler\slider_continuous.cpp">
			<Filter>Source\mz_juce_common\parameter_juggler</Filter>
		</ClCompile>
		<ClCompile Include="..\..\..\Source\mz_juce_common\parameter_juggler\wrapped_parameter_switch.cpp">
			<Filter>Source\mz_juce_common\parameter_juggler</Filter>
		</ClCompile>
		<ClCompile Include="..\..\..\Source\mz_juce_common\parameter_juggler\slider_switch_linear_bar.cpp">
			<Filter>Source\mz_juce_common\parameter_juggler</Filter>
		</ClCompile>
		<ClCompile Include="..\..\..\Source\mz_juce_common\parameter_juggler\wrapped_parameter_continuous.cpp">
			<Filter>Source\mz_juce_common\parameter_juggler</Filter>
		</ClCompile>
		<ClCompile Include="..\..\..\Source\mz_juce_common\parameter_juggler\wrapped_parameter_combined.cpp">
			<Filter>Source\mz_juce_common\parameter_juggler</Filter>
		</ClCompile>
		<ClCompile Include="..\..\..\libraries\juce\modules\juce_audio_basics\juce_audio_basics.cpp">
			<Filter>libraries\juce\modules\juce_audio_basics</Filter>
		</ClCompile>
		<ClCompile Include="..\..\..\libraries\juce\modules\juce_audio_devices\juce_audio_devices.cpp">
			<Filter>libraries\juce\modules\juce_audio_devices</Filter>
		</ClCompile>
		<ClCompile Include="..\..\..\libraries\juce\modules\juce_audio_formats\juce_audio_formats.cpp">
			<Filter>libraries\juce\modules\juce_audio_formats</Filter>
		</ClCompile>
		<ClCompile Include="..\..\..\libraries\juce\modules\juce_audio_processors\juce_audio_processors.cpp">
			<Filter>libraries\juce\modules\juce_audio_processors</Filter>
		</ClCompile>
		<ClCompile Include="..\..\..\libraries\juce\modules\juce_audio_utils\juce_audio_utils.cpp">
			<Filter>libraries\juce\modules\juce_audio_utils</Filter>
		</ClCompile>
		<ClCompile Include="..\..\..\libraries\juce\modules\juce_core\juce_core.cpp">
			<Filter>libraries\juce\modules\juce_core</Filter>
		</ClCompile>
		<ClCompile Include="..\..\..\libraries\juce\modules\juce_cryptography\juce_cryptography.cpp">
			<Filter>libraries\juce\modules\juce_cryptography</Filter>
		</ClCompile>
		<ClCompile Include="..\..\..\libraries\juce\modules\juce_data_structures\juce_data_structures.cpp">
			<Filter>libraries\juce\modules\juce_data_structures</Filter>
		</ClCompile>
		<ClCompile Include="..\..\..\libraries\juce\modules\juce_events\juce_events.cpp">
			<Filter>libraries\juce\modules\juce_events</Filter>
		</ClCompile>
		<ClCompile Include="..\..\..\libraries\juce\modules\juce_graphics\juce_graphics.cpp">
			<Filter>libraries\juce\modules\juce_graphics</Filter>
		</ClCompile>
		<ClCompile Include="..\..\..\libraries\juce\modules\juce_gui_basics\juce_gui_basics.cpp">
			<Filter>libraries\juce\modules\juce_gui_basics</Filter>
		</ClCompile>
		<ClCompile Include="..\..\..\libraries\juce\modules\juce_gui_extra\juce_gui_extra.cpp">
			<Filter>libraries\juce\modules\juce_gui_extra</Filter>
		</ClCompile>
		<ClCompile Include="..\..\..\libraries\juce\modules\juce_video\juce_video.cpp">
			<Filter>libraries\juce\modules\juce_video</Filter>
		</ClCompile>
		<ClCompile Include="..\..\..\libraries\juce\modules\juce_audio_plugin_client\utility\juce_PluginUtilities.cpp">
			<Filter>libraries\juce\modules\juce_audio_plugin_client\utility</Filter>
		</ClCompile>
		<ClCompile Include="..\..\..\libraries\juce\modules\juce_audio_plugin_client\VST\juce_VST_Wrapper.cpp">
			<Filter>libraries\juce\modules\juce_audio_plugin_client\VST</Filter>
		</ClCompile>
	</ItemGroup>
</Project>
